{
    "_readme": [
        "This file locks the dependencies of your project to a known state",
        "Read more about it at https://getcomposer.org/doc/01-basic-usage.md#composer-lock-the-lock-file",
        "This file is @generated automatically"
    ],
    "hash": "7cb41a59c4a39c2129a8ae6248d487e7",
    "content-hash": "f9a1ece5daa645ae3948839d61ddd18d",
    "packages": [
        {
            "name": "guzzlehttp/guzzle",
            "version": "6.2.1",
            "source": {
                "type": "git",
                "url": "https://github.com/guzzle/guzzle.git",
                "reference": "3f808fba627f2c5b69e2501217bf31af349c1427"
            },
            "dist": {
                "type": "zip",
                "url": "https://api.github.com/repos/guzzle/guzzle/zipball/3f808fba627f2c5b69e2501217bf31af349c1427",
                "reference": "3f808fba627f2c5b69e2501217bf31af349c1427",
                "shasum": ""
            },
            "require": {
                "guzzlehttp/promises": "^1.0",
                "guzzlehttp/psr7": "^1.3.1",
                "php": ">=5.5"
            },
            "require-dev": {
                "ext-curl": "*",
                "phpunit/phpunit": "^4.0",
                "psr/log": "^1.0"
            },
            "type": "library",
            "extra": {
                "branch-alias": {
                    "dev-master": "6.2-dev"
                }
            },
            "autoload": {
                "files": [
                    "src/functions_include.php"
                ],
                "psr-4": {
                    "GuzzleHttp\\": "src/"
                }
            },
            "notification-url": "https://packagist.org/downloads/",
            "license": [
                "MIT"
            ],
            "authors": [
                {
                    "name": "Michael Dowling",
                    "email": "mtdowling@gmail.com",
                    "homepage": "https://github.com/mtdowling"
                }
            ],
            "description": "Guzzle is a PHP HTTP client library",
            "homepage": "http://guzzlephp.org/",
            "keywords": [
                "client",
                "curl",
                "framework",
                "http",
                "http client",
                "rest",
                "web service"
            ],
            "time": "2016-07-15 17:22:37"
        },
        {
            "name": "guzzlehttp/promises",
            "version": "1.2.0",
            "source": {
                "type": "git",
                "url": "https://github.com/guzzle/promises.git",
                "reference": "c10d860e2a9595f8883527fa0021c7da9e65f579"
            },
            "dist": {
                "type": "zip",
                "url": "https://api.github.com/repos/guzzle/promises/zipball/c10d860e2a9595f8883527fa0021c7da9e65f579",
                "reference": "c10d860e2a9595f8883527fa0021c7da9e65f579",
                "shasum": ""
            },
            "require": {
                "php": ">=5.5.0"
            },
            "require-dev": {
                "phpunit/phpunit": "~4.0"
            },
            "type": "library",
            "extra": {
                "branch-alias": {
                    "dev-master": "1.0-dev"
                }
            },
            "autoload": {
                "psr-4": {
                    "GuzzleHttp\\Promise\\": "src/"
                },
                "files": [
                    "src/functions_include.php"
                ]
            },
            "notification-url": "https://packagist.org/downloads/",
            "license": [
                "MIT"
            ],
            "authors": [
                {
                    "name": "Michael Dowling",
                    "email": "mtdowling@gmail.com",
                    "homepage": "https://github.com/mtdowling"
                }
            ],
            "description": "Guzzle promises library",
            "keywords": [
                "promise"
            ],
            "time": "2016-05-18 16:56:05"
        },
        {
            "name": "guzzlehttp/psr7",
            "version": "1.3.1",
            "source": {
                "type": "git",
                "url": "https://github.com/guzzle/psr7.git",
                "reference": "5c6447c9df362e8f8093bda8f5d8873fe5c7f65b"
            },
            "dist": {
                "type": "zip",
                "url": "https://api.github.com/repos/guzzle/psr7/zipball/5c6447c9df362e8f8093bda8f5d8873fe5c7f65b",
                "reference": "5c6447c9df362e8f8093bda8f5d8873fe5c7f65b",
                "shasum": ""
            },
            "require": {
                "php": ">=5.4.0",
                "psr/http-message": "~1.0"
            },
            "provide": {
                "psr/http-message-implementation": "1.0"
            },
            "require-dev": {
                "phpunit/phpunit": "~4.0"
            },
            "type": "library",
            "extra": {
                "branch-alias": {
                    "dev-master": "1.4-dev"
                }
            },
            "autoload": {
                "psr-4": {
                    "GuzzleHttp\\Psr7\\": "src/"
                },
                "files": [
                    "src/functions_include.php"
                ]
            },
            "notification-url": "https://packagist.org/downloads/",
            "license": [
                "MIT"
            ],
            "authors": [
                {
                    "name": "Michael Dowling",
                    "email": "mtdowling@gmail.com",
                    "homepage": "https://github.com/mtdowling"
                }
            ],
            "description": "PSR-7 message implementation",
            "keywords": [
                "http",
                "message",
                "stream",
                "uri"
            ],
            "time": "2016-06-24 23:00:38"
        },
        {
            "name": "justinwalsh/daux.io",
            "version": "0.2.3",
            "source": {
                "type": "git",
                "url": "https://github.com/justinwalsh/daux.io.git",
                "reference": "aa4ad02b4681fbb1f75a333e07093c4a681ef262"
            },
            "dist": {
                "type": "zip",
                "url": "https://api.github.com/repos/justinwalsh/daux.io/zipball/aa4ad02b4681fbb1f75a333e07093c4a681ef262",
                "reference": "aa4ad02b4681fbb1f75a333e07093c4a681ef262",
                "shasum": ""
            },
            "require": {
                "guzzlehttp/guzzle": "~6.0",
                "league/commonmark": "^0.13",
                "league/plates": "~3.1",
                "myclabs/deep-copy": "^1.5",
                "php": ">=5.5",
                "symfony/console": "~3.0",
                "symfony/finder": "~3.0",
                "symfony/process": "^3.1",
                "webuni/commonmark-table-extension": "0.4.*",
                "webuni/front-matter": "^0.2.0"
            },
            "require-dev": {
                "mikey179/vfsstream": "^1.6",
                "phpunit/phpunit": "~4"
            },
            "bin": [
                "bin/daux"
            ],
            "type": "project",
            "autoload": {
                "psr-4": {
                    "Todaymade\\Daux\\Extension\\": "daux/",
                    "Todaymade\\Daux\\": "libs/"
                }
            },
            "notification-url": "https://packagist.org/downloads/",
            "license": [
                "MIT"
            ],
            "authors": [
                {
                    "name": "Justin Walsh",
                    "homepage": "http://todaymade.com/"
                }
            ],
            "description": "Documentation generator that uses a simple folder structure and Markdown files to create custom documentation on the fly",
            "homepage": "http://daux.io/",
            "keywords": [
                "docs",
                "documentation",
                "markdown",
                "md"
            ],
            "time": "2016-09-12 21:58:58"
        },
        {
            "name": "league/commonmark",
            "version": "0.13.4",
            "source": {
                "type": "git",
                "url": "https://github.com/thephpleague/commonmark.git",
                "reference": "83f8210427fb01f671e272bb8d44b4ed3a94d459"
            },
            "dist": {
                "type": "zip",
                "url": "https://api.github.com/repos/thephpleague/commonmark/zipball/83f8210427fb01f671e272bb8d44b4ed3a94d459",
                "reference": "83f8210427fb01f671e272bb8d44b4ed3a94d459",
                "shasum": ""
            },
            "require": {
                "ext-mbstring": "*",
                "php": ">=5.4.8"
            },
            "replace": {
                "colinodell/commonmark-php": "*"
            },
            "require-dev": {
                "cebe/markdown": "~1.0",
                "erusev/parsedown": "~1.0",
                "jgm/commonmark": "0.25",
                "michelf/php-markdown": "~1.4",
                "mikehaertl/php-shellcommand": "~1.2.0",
                "phpunit/phpunit": "~4.3|~5.0",
                "scrutinizer/ocular": "~1.1",
                "symfony/finder": "~2.3|~3.0"
            },
            "suggest": {
                "league/commonmark-extras": "Library of useful extensions including smart punctuation"
            },
            "bin": [
                "bin/commonmark"
            ],
            "type": "library",
            "extra": {
                "branch-alias": {
                    "dev-master": "0.14-dev"
                }
            },
            "autoload": {
                "psr-4": {
                    "League\\CommonMark\\": "src/"
                }
            },
            "notification-url": "https://packagist.org/downloads/",
            "license": [
                "BSD-3-Clause"
            ],
            "authors": [
                {
                    "name": "Colin O'Dell",
                    "email": "colinodell@gmail.com",
                    "homepage": "https://www.colinodell.com",
                    "role": "Lead Developer"
                }
            ],
            "description": "Markdown parser for PHP based on the CommonMark spec",
            "homepage": "https://github.com/thephpleague/commonmark",
            "keywords": [
                "commonmark",
                "markdown",
                "parser"
            ],
            "time": "2016-06-14 14:49:29"
        },
        {
            "name": "league/plates",
            "version": "3.1.1",
            "source": {
                "type": "git",
                "url": "https://github.com/thephpleague/plates.git",
                "reference": "2d8569e9f140a70d6a05db38006926f7547cb802"
            },
            "dist": {
                "type": "zip",
                "url": "https://api.github.com/repos/thephpleague/plates/zipball/2d8569e9f140a70d6a05db38006926f7547cb802",
                "reference": "2d8569e9f140a70d6a05db38006926f7547cb802",
                "shasum": ""
            },
            "require-dev": {
                "mikey179/vfsstream": "~1.4.0",
                "phpunit/phpunit": "~4.0",
                "squizlabs/php_codesniffer": "~1.5"
            },
            "type": "library",
            "extra": {
                "branch-alias": {
                    "dev-master": "3.0-dev"
                }
            },
            "autoload": {
                "psr-4": {
                    "League\\Plates\\": "src"
                }
            },
            "notification-url": "https://packagist.org/downloads/",
            "license": [
                "MIT"
            ],
            "authors": [
                {
                    "name": "Jonathan Reinink",
                    "email": "jonathan@reinink.ca",
                    "role": "Developer"
                }
            ],
            "description": "Plates, the native PHP template system that's fast, easy to use and easy to extend.",
            "homepage": "http://platesphp.com",
            "keywords": [
                "league",
                "package",
                "templates",
                "templating",
                "views"
            ],
            "time": "2015-07-09 02:14:40"
        },
        {
            "name": "myclabs/deep-copy",
            "version": "1.5.4",
            "source": {
                "type": "git",
                "url": "https://github.com/myclabs/DeepCopy.git",
                "reference": "ea74994a3dc7f8d2f65a06009348f2d63c81e61f"
            },
            "dist": {
                "type": "zip",
                "url": "https://api.github.com/repos/myclabs/DeepCopy/zipball/ea74994a3dc7f8d2f65a06009348f2d63c81e61f",
                "reference": "ea74994a3dc7f8d2f65a06009348f2d63c81e61f",
                "shasum": ""
            },
            "require": {
                "php": ">=5.4.0"
            },
            "require-dev": {
                "doctrine/collections": "1.*",
                "phpunit/phpunit": "~4.1"
            },
            "type": "library",
            "autoload": {
                "psr-4": {
                    "DeepCopy\\": "src/DeepCopy/"
                }
            },
            "notification-url": "https://packagist.org/downloads/",
            "license": [
                "MIT"
            ],
            "description": "Create deep copies (clones) of your objects",
            "homepage": "https://github.com/myclabs/DeepCopy",
            "keywords": [
                "clone",
                "copy",
                "duplicate",
                "object",
                "object graph"
            ],
            "time": "2016-09-16 13:37:59"
        },
        {
            "name": "psr/http-message",
            "version": "1.0.1",
            "source": {
                "type": "git",
                "url": "https://github.com/php-fig/http-message.git",
                "reference": "f6561bf28d520154e4b0ec72be95418abe6d9363"
            },
            "dist": {
                "type": "zip",
                "url": "https://api.github.com/repos/php-fig/http-message/zipball/f6561bf28d520154e4b0ec72be95418abe6d9363",
                "reference": "f6561bf28d520154e4b0ec72be95418abe6d9363",
                "shasum": ""
            },
            "require": {
                "php": ">=5.3.0"
            },
            "type": "library",
            "extra": {
                "branch-alias": {
                    "dev-master": "1.0.x-dev"
                }
            },
            "autoload": {
                "psr-4": {
                    "Psr\\Http\\Message\\": "src/"
                }
            },
            "notification-url": "https://packagist.org/downloads/",
            "license": [
                "MIT"
            ],
            "authors": [
                {
                    "name": "PHP-FIG",
                    "homepage": "http://www.php-fig.org/"
                }
            ],
            "description": "Common interface for HTTP messages",
            "homepage": "https://github.com/php-fig/http-message",
            "keywords": [
                "http",
                "http-message",
                "psr",
                "psr-7",
                "request",
                "response"
            ],
            "time": "2016-08-06 14:39:51"
        },
        {
            "name": "symfony/console",
            "version": "v3.1.4",
            "source": {
                "type": "git",
                "url": "https://github.com/symfony/console.git",
                "reference": "8ea494c34f0f772c3954b5fbe00bffc5a435e563"
            },
            "dist": {
                "type": "zip",
                "url": "https://api.github.com/repos/symfony/console/zipball/8ea494c34f0f772c3954b5fbe00bffc5a435e563",
                "reference": "8ea494c34f0f772c3954b5fbe00bffc5a435e563",
                "shasum": ""
            },
            "require": {
                "php": ">=5.5.9",
                "symfony/polyfill-mbstring": "~1.0"
            },
            "require-dev": {
                "psr/log": "~1.0",
                "symfony/event-dispatcher": "~2.8|~3.0",
                "symfony/process": "~2.8|~3.0"
            },
            "suggest": {
                "psr/log": "For using the console logger",
                "symfony/event-dispatcher": "",
                "symfony/process": ""
            },
            "type": "library",
            "extra": {
                "branch-alias": {
                    "dev-master": "3.1-dev"
                }
            },
            "autoload": {
                "psr-4": {
                    "Symfony\\Component\\Console\\": ""
                },
                "exclude-from-classmap": [
                    "/Tests/"
                ]
            },
            "notification-url": "https://packagist.org/downloads/",
            "license": [
                "MIT"
            ],
            "authors": [
                {
                    "name": "Fabien Potencier",
                    "email": "fabien@symfony.com"
                },
                {
                    "name": "Symfony Community",
                    "homepage": "https://symfony.com/contributors"
                }
            ],
            "description": "Symfony Console Component",
            "homepage": "https://symfony.com",
            "time": "2016-08-19 06:48:39"
        },
        {
            "name": "symfony/finder",
            "version": "v3.1.4",
            "source": {
                "type": "git",
                "url": "https://github.com/symfony/finder.git",
                "reference": "e568ef1784f447a0e54dcb6f6de30b9747b0f577"
            },
            "dist": {
                "type": "zip",
                "url": "https://api.github.com/repos/symfony/finder/zipball/e568ef1784f447a0e54dcb6f6de30b9747b0f577",
                "reference": "e568ef1784f447a0e54dcb6f6de30b9747b0f577",
                "shasum": ""
            },
            "require": {
                "php": ">=5.5.9"
            },
            "type": "library",
            "extra": {
                "branch-alias": {
                    "dev-master": "3.1-dev"
                }
            },
            "autoload": {
                "psr-4": {
                    "Symfony\\Component\\Finder\\": ""
                },
                "exclude-from-classmap": [
                    "/Tests/"
                ]
            },
            "notification-url": "https://packagist.org/downloads/",
            "license": [
                "MIT"
            ],
            "authors": [
                {
                    "name": "Fabien Potencier",
                    "email": "fabien@symfony.com"
                },
                {
                    "name": "Symfony Community",
                    "homepage": "https://symfony.com/contributors"
                }
            ],
            "description": "Symfony Finder Component",
            "homepage": "https://symfony.com",
            "time": "2016-08-26 12:04:02"
        },
        {
            "name": "symfony/polyfill-mbstring",
            "version": "v1.2.0",
            "source": {
                "type": "git",
                "url": "https://github.com/symfony/polyfill-mbstring.git",
                "reference": "dff51f72b0706335131b00a7f49606168c582594"
            },
            "dist": {
                "type": "zip",
                "url": "https://api.github.com/repos/symfony/polyfill-mbstring/zipball/dff51f72b0706335131b00a7f49606168c582594",
                "reference": "dff51f72b0706335131b00a7f49606168c582594",
                "shasum": ""
            },
            "require": {
                "php": ">=5.3.3"
            },
            "suggest": {
                "ext-mbstring": "For best performance"
            },
            "type": "library",
            "extra": {
                "branch-alias": {
                    "dev-master": "1.2-dev"
                }
            },
            "autoload": {
                "psr-4": {
                    "Symfony\\Polyfill\\Mbstring\\": ""
                },
                "files": [
                    "bootstrap.php"
                ]
            },
            "notification-url": "https://packagist.org/downloads/",
            "license": [
                "MIT"
            ],
            "authors": [
                {
                    "name": "Nicolas Grekas",
                    "email": "p@tchwork.com"
                },
                {
                    "name": "Symfony Community",
                    "homepage": "https://symfony.com/contributors"
                }
            ],
            "description": "Symfony polyfill for the Mbstring extension",
            "homepage": "https://symfony.com",
            "keywords": [
                "compatibility",
                "mbstring",
                "polyfill",
                "portable",
                "shim"
            ],
            "time": "2016-05-18 14:26:46"
        },
        {
            "name": "symfony/process",
            "version": "v3.1.4",
            "source": {
                "type": "git",
                "url": "https://github.com/symfony/process.git",
                "reference": "e64e93041c80e77197ace5ab9385dedb5a143697"
            },
            "dist": {
                "type": "zip",
                "url": "https://api.github.com/repos/symfony/process/zipball/e64e93041c80e77197ace5ab9385dedb5a143697",
                "reference": "e64e93041c80e77197ace5ab9385dedb5a143697",
                "shasum": ""
            },
            "require": {
                "php": ">=5.5.9"
            },
            "type": "library",
            "extra": {
                "branch-alias": {
                    "dev-master": "3.1-dev"
                }
            },
            "autoload": {
                "psr-4": {
                    "Symfony\\Component\\Process\\": ""
                },
                "exclude-from-classmap": [
                    "/Tests/"
                ]
            },
            "notification-url": "https://packagist.org/downloads/",
            "license": [
                "MIT"
            ],
            "authors": [
                {
                    "name": "Fabien Potencier",
                    "email": "fabien@symfony.com"
                },
                {
                    "name": "Symfony Community",
                    "homepage": "https://symfony.com/contributors"
                }
            ],
            "description": "Symfony Process Component",
            "homepage": "https://symfony.com",
            "time": "2016-08-16 14:58:24"
        },
        {
            "name": "symfony/yaml",
            "version": "v3.1.4",
            "source": {
                "type": "git",
                "url": "https://github.com/symfony/yaml.git",
                "reference": "f291ed25eb1435bddbe8a96caaef16469c2a092d"
            },
            "dist": {
                "type": "zip",
                "url": "https://api.github.com/repos/symfony/yaml/zipball/f291ed25eb1435bddbe8a96caaef16469c2a092d",
                "reference": "f291ed25eb1435bddbe8a96caaef16469c2a092d",
                "shasum": ""
            },
            "require": {
                "php": ">=5.5.9"
            },
            "type": "library",
            "extra": {
                "branch-alias": {
                    "dev-master": "3.1-dev"
                }
            },
            "autoload": {
                "psr-4": {
                    "Symfony\\Component\\Yaml\\": ""
                },
                "exclude-from-classmap": [
                    "/Tests/"
                ]
            },
            "notification-url": "https://packagist.org/downloads/",
            "license": [
                "MIT"
            ],
            "authors": [
                {
                    "name": "Fabien Potencier",
                    "email": "fabien@symfony.com"
                },
                {
                    "name": "Symfony Community",
                    "homepage": "https://symfony.com/contributors"
                }
            ],
            "description": "Symfony Yaml Component",
            "homepage": "https://symfony.com",
            "time": "2016-09-02 02:12:52"
        },
        {
            "name": "webuni/commonmark-table-extension",
            "version": "0.4.3",
            "source": {
                "type": "git",
                "url": "https://github.com/webuni/commonmark-table-extension.git",
                "reference": "c4e70a3705f562cc08e0b6f80803dcfd0fa57173"
            },
            "dist": {
                "type": "zip",
                "url": "https://api.github.com/repos/webuni/commonmark-table-extension/zipball/c4e70a3705f562cc08e0b6f80803dcfd0fa57173",
                "reference": "c4e70a3705f562cc08e0b6f80803dcfd0fa57173",
                "shasum": ""
            },
            "require": {
                "league/commonmark": "^0.11|^0.12|^0.13",
                "php": ">=5.4"
            },
            "require-dev": {
                "fabpot/php-cs-fixer": "^1.9",
                "phpunit/phpunit": "^4.3",
                "symfony/var-dumper": "^2.7"
            },
            "type": "library",
            "extra": {
                "branch-alias": {
                    "dev-master": "0.4-dev"
                }
            },
            "autoload": {
                "psr-4": {
                    "Webuni\\CommonMark\\TableExtension\\": "src"
                }
            },
            "notification-url": "https://packagist.org/downloads/",
            "license": [
                "MIT"
            ],
            "authors": [
                {
                    "name": "Martin Hasoň",
                    "email": "martin.hason@gmail.com",
                    "role": "Lead Developer"
                }
            ],
            "description": "The table extension for CommonMark PHP implementation",
            "homepage": "https://github.com/webuni/commonmark-table-extension",
            "keywords": [
                "commonmark",
                "markdown",
                "table"
            ],
            "time": "2016-01-14 22:54:18"
        },
        {
            "name": "webuni/front-matter",
            "version": "0.2.0",
            "source": {
                "type": "git",
                "url": "https://github.com/webuni/front-matter.git",
                "reference": "dfede21e98a91729151e9665a81215f838e9320f"
            },
            "dist": {
                "type": "zip",
                "url": "https://api.github.com/repos/webuni/front-matter/zipball/dfede21e98a91729151e9665a81215f838e9320f",
                "reference": "dfede21e98a91729151e9665a81215f838e9320f",
                "shasum": ""
            },
            "require": {
                "php": "^5.5|^7.0",
                "symfony/yaml": "^2.3|^3.0"
            },
            "require-dev": {
                "coduo/phpspec-data-provider-extension": "^1.0",
                "fabpot/php-cs-fixer": "^1.9",
                "memio/spec-gen": "~0.3",
                "mthaml/mthaml": "^1.2",
                "phpspec/phpspec": "^2.5",
                "twig/twig": "~1.20|~2.0"
            },
            "type": "library",
            "extra": {
                "branch-alias": {
                    "dev-master": "0.1-dev"
                }
            },
            "autoload": {
                "psr-4": {
                    "Webuni\\FrontMatter\\": "src"
                }
            },
            "notification-url": "https://packagist.org/downloads/",
            "license": [
                "MIT"
            ],
            "authors": [
                {
                    "name": "Martin Hasoň",
                    "email": "martin.hason@gmail.com",
                    "role": "Lead Developer"
                }
            ],
            "description": "Front matter parser and dumper for PHP",
            "homepage": "https://github.com/webuni/front-yaml",
            "keywords": [
                "front-matter",
                "yaml"
            ],
            "time": "2016-04-26 23:39:13"
        }
    ],
    "packages-dev": [],
    "aliases": [],
    "minimum-stability": "stable",
    "stability-flags": [],
    "prefer-stable": false,
    "prefer-lowest": false,
    "platform": [],
    "platform-dev": []
}
